
Microsoft Visual Studio Solution File, Format Version 12.00
# Visual Studio 15
VisualStudioVersion = 15.0.28307.1169
MinimumVisualStudioVersion = 10.0.40219.1
Project("{FAE04EC0-301F-11D3-BF4B-00C04F79EFBC}") = "be3_challenge", "be3_challenge\be3_challenge.csproj", "{B507BC45-493C-41B2-8AD7-21DD6520D893}"
EndProject
Global
	GlobalSection(SolutionConfigurationPlatforms) = preSolution
		Debug|Any CPU = Debug|Any CPU
		Release|Any CPU = Release|Any CPU
	EndGlobalSection
	GlobalSection(ProjectConfigurationPlatforms) = postSolution
		{B507BC45-493C-41B2-8AD7-21DD6520D893}.Debug|Any CPU.ActiveCfg = Debug|Any CPU
		{B507BC45-493C-41B2-8AD7-21DD6520D893}.Debug|Any CPU.Build.0 = Debug|Any CPU
		{B507BC45-493C-41B2-8AD7-21DD6520D893}.Release|Any CPU.ActiveCfg = Release|Any CPU
		{B507BC45-493C-41B2-8AD7-21DD6520D893}.Release|Any CPU.Build.0 = Release|Any CPU
	EndGlobalSection
	GlobalSection(SolutionProperties) = preSolution
		HideSolutionNode = FALSE
	EndGlobalSection
	GlobalSection(ExtensibilityGlobals) = postSolution
		SolutionGuid = {1A677BC4-1A84-4B5B-9383-012DCD4CFD49}
	EndGlobalSection
EndGlobal
